
Microsoft Visual Studio Solution File, Format Version 12.00
Project("{FAE04EC0-301F-11D3-BF4B-00C04F79EFBC}") = "LimitedStack_benchmark", "LimitedStack_benchmark\LimitedStack_benchmark.csproj", "{F011431C-1F65-4BF9-9C65-8B5E73E578B8}"
EndProject
Global
	GlobalSection(SolutionConfigurationPlatforms) = preSolution
		Debug|Any CPU = Debug|Any CPU
		Release|Any CPU = Release|Any CPU
	EndGlobalSection
	GlobalSection(ProjectConfigurationPlatforms) = postSolution
		{F011431C-1F65-4BF9-9C65-8B5E73E578B8}.Debug|Any CPU.ActiveCfg = Debug|Any CPU
		{F011431C-1F65-4BF9-9C65-8B5E73E578B8}.Debug|Any CPU.Build.0 = Debug|Any CPU
		{F011431C-1F65-4BF9-9C65-8B5E73E578B8}.Release|Any CPU.ActiveCfg = Release|Any CPU
		{F011431C-1F65-4BF9-9C65-8B5E73E578B8}.Release|Any CPU.Build.0 = Release|Any CPU
	EndGlobalSection
EndGlobal
